
Microsoft Visual Studio Solution File, Format Version 12.00
# Visual Studio Version 16
VisualStudioVersion = 16.0.31205.134
MinimumVisualStudioVersion = 10.0.40219.1
Project("{9A19103F-16F7-4668-BE54-9A1E7A4F7556}") = "SampleWebApp", "SampleWebApp\SampleWebApp.csproj", "{9E26C758-EFAB-4146-BDF2-B82C5C864005}"
EndProject
Global
	GlobalSection(SolutionConfigurationPlatforms) = preSolution
		Debug|Any CPU = Debug|Any CPU
		Release|Any CPU = Release|Any CPU
	EndGlobalSection
	GlobalSection(ProjectConfigurationPlatforms) = postSolution
		{9E26C758-EFAB-4146-BDF2-B82C5C864005}.Debug|Any CPU.ActiveCfg = Debug|Any CPU
		{9E26C758-EFAB-4146-BDF2-B82C5C864005}.Debug|Any CPU.Build.0 = Debug|Any CPU
		{9E26C758-EFAB-4146-BDF2-B82C5C864005}.Release|Any CPU.ActiveCfg = Release|Any CPU
		{9E26C758-EFAB-4146-BDF2-B82C5C864005}.Release|Any CPU.Build.0 = Release|Any CPU
	EndGlobalSection
	GlobalSection(SolutionProperties) = preSolution
		HideSolutionNode = FALSE
	EndGlobalSection
	GlobalSection(ExtensibilityGlobals) = postSolution
		SolutionGuid = {FEB0E36F-AB81-4185-9AA4-8B7873978BD9}
	EndGlobalSection
EndGlobal
